
Microsoft Visual Studio Solution File, Format Version 12.00
# Visual Studio Version 17
VisualStudioVersion = 17.13.35806.99 d17.13
MinimumVisualStudioVersion = 10.0.40219.1
Project("{FAE04EC0-301F-11D3-BF4B-00C04F79EFBC}") = "Part 3", "Part 3\Part 3.csproj", "{8DAA9F5B-D064-4E3C-95E4-DCA37CCCBBEC}"
EndProject
Global
	GlobalSection(SolutionConfigurationPlatforms) = preSolution
		Debug|Any CPU = Debug|Any CPU
		Release|Any CPU = Release|Any CPU
	EndGlobalSection
	GlobalSection(ProjectConfigurationPlatforms) = postSolution
		{8DAA9F5B-D064-4E3C-95E4-DCA37CCCBBEC}.Debug|Any CPU.ActiveCfg = Debug|Any CPU
		{8DAA9F5B-D064-4E3C-95E4-DCA37CCCBBEC}.Debug|Any CPU.Build.0 = Debug|Any CPU
		{8DAA9F5B-D064-4E3C-95E4-DCA37CCCBBEC}.Release|Any CPU.ActiveCfg = Release|Any CPU
		{8DAA9F5B-D064-4E3C-95E4-DCA37CCCBBEC}.Release|Any CPU.Build.0 = Release|Any CPU
	EndGlobalSection
	GlobalSection(SolutionProperties) = preSolution
		HideSolutionNode = FALSE
	EndGlobalSection
	GlobalSection(ExtensibilityGlobals) = postSolution
		SolutionGuid = {604FBC79-FCF4-441E-8E1E-1168D5D4C4A1}
	EndGlobalSection
EndGlobal
